// !$*UTF8*$!
{
	archiveVersion = 1;
	classes = {
	};
	objectVersion = 46;
	objects = {

/* Begin PBXBuildFile section */
		A28570611BF9A40A00523F42 /* AppDelegate.swift in Sources */ = {isa = PBXBuildFile; fileRef = A28570601BF9A40A00523F42 /* AppDelegate.swift */; };
		A28570631BF9A40A00523F42 /* FirstViewController.swift in Sources */ = {isa = PBXBuildFile; fileRef = A28570621BF9A40A00523F42 /* FirstViewController.swift */; };
		A28570651BF9A40A00523F42 /* SecondViewController.swift in Sources */ = {isa = PBXBuildFile; fileRef = A28570641BF9A40A00523F42 /* SecondViewController.swift */; };
		A28570681BF9A40A00523F42 /* Main.storyboard in Resources */ = {isa = PBXBuildFile; fileRef = A28570661BF9A40A00523F42 /* Main.storyboard */; };
		A285706A1BF9A40A00523F42 /* Assets.xcassets in Resources */ = {isa = PBXBuildFile; fileRef = A28570691BF9A40A00523F42 /* Assets.xcassets */; };
		A285706D1BF9A40A00523F42 /* LaunchScreen.storyboard in Resources */ = {isa = PBXBuildFile; fileRef = A285706B1BF9A40A00523F42 /* LaunchScreen.storyboard */; };
		A28570771BF9A89100523F42 /* pizza 2.jpg in Resources */ = {isa = PBXBuildFile; fileRef = A28570741BF9A89100523F42 /* pizza 2.jpg */; };
		A28570781BF9A89100523F42 /* pizza.jpg in Resources */ = {isa = PBXBuildFile; fileRef = A28570751BF9A89100523F42 /* pizza.jpg */; };
		A28570791BF9A89100523F42 /* Pizza 1.jpg in Resources */ = {isa = PBXBuildFile; fileRef = A28570761BF9A89100523F42 /* Pizza 1.jpg */; };
		A285707B1BF9B9F600523F42 /* ThirdViewController.swift in Sources */ = {isa = PBXBuildFile; fileRef = A285707A1BF9B9F500523F42 /* ThirdViewController.swift */; };
		A285707D1BF9BA0D00523F42 /* ForthViewController.swift in Sources */ = {isa = PBXBuildFile; fileRef = A285707C1BF9BA0D00523F42 /* ForthViewController.swift */; };
		A285707F1BF9BA1E00523F42 /* FifthViewController.swift in Sources */ = {isa = PBXBuildFile; fileRef = A285707E1BF9BA1E00523F42 /* FifthViewController.swift */; };
		A28570811BF9BA4300523F42 /* SixthViewController.swift in Sources */ = {isa = PBXBuildFile; fileRef = A28570801BF9BA4300523F42 /* SixthViewController.swift */; };
		A28570831BF9C33C00523F42 /* pizzatelefono3.jpeg in Resources */ = {isa = PBXBuildFile; fileRef = A28570821BF9C33C00523F42 /* pizzatelefono3.jpeg */; };
/* End PBXBuildFile section */

/* Begin PBXFileReference section */
		A285705D1BF9A40A00523F42 /* Pizzart.app */ = {isa = PBXFileReference; explicitFileType = wrapper.application; includeInIndex = 0; path = Pizzart.app; sourceTree = BUILT_PRODUCTS_DIR; };
		A28570601BF9A40A00523F42 /* AppDelegate.swift */ = {isa = PBXFileReference; lastKnownFileType = sourcecode.swift; path = AppDelegate.swift; sourceTree = "<group>"; };
		A28570621BF9A40A00523F42 /* FirstViewController.swift */ = {isa = PBXFileReference; lastKnownFileType = sourcecode.swift; path = FirstViewController.swift; sourceTree = "<group>"; };
		A28570641BF9A40A00523F42 /* SecondViewController.swift */ = {isa = PBXFileReference; lastKnownFileType = sourcecode.swift; path = SecondViewController.swift; sourceTree = "<group>"; };
		A28570671BF9A40A00523F42 /* Base */ = {isa = PBXFileReference; lastKnownFileType = file.storyboard; name = Base; path = Base.lproj/Main.storyboard; sourceTree = "<group>"; };
		A28570691BF9A40A00523F42 /* Assets.xcassets */ = {isa = PBXFileReference; lastKnownFileType = folder.assetcatalog; path = Assets.xcassets; sourceTree = "<group>"; };
		A285706C1BF9A40A00523F42 /* Base */ = {isa = PBXFileReference; lastKnownFileType = file.storyboard; name = Base; path = Base.lproj/LaunchScreen.storyboard; sourceTree = "<group>"; };
		A285706E1BF9A40A00523F42 /* Info.plist */ = {isa = PBXFileReference; lastKnownFileType = text.plist.xml; path = Info.plist; sourceTree = "<group>"; };
		A28570741BF9A89100523F42 /* pizza 2.jpg */ = {isa = PBXFileReference; lastKnownFileType = image.jpeg; path = "pizza 2.jpg"; sourceTree = "<group>"; };
		A28570751BF9A89100523F42 /* pizza.jpg */ = {isa = PBXFileReference; lastKnownFileType = image.jpeg; path = pizza.jpg; sourceTree = "<group>"; };
		A28570761BF9A89100523F42 /* Pizza 1.jpg */ = {isa = PBXFileReference; lastKnownFileType = image.jpeg; path = "Pizza 1.jpg"; sourceTree = "<group>"; };
		A285707A1BF9B9F500523F42 /* ThirdViewController.swift */ = {isa = PBXFileReference; fileEncoding = 4; lastKnownFileType = sourcecode.swift; path = ThirdViewController.swift; sourceTree = "<group>"; };
		A285707C1BF9BA0D00523F42 /* ForthViewController.swift */ = {isa = PBXFileReference; fileEncoding = 4; lastKnownFileType = sourcecode.swift; path = ForthViewController.swift; sourceTree = "<group>"; };
		A285707E1BF9BA1E00523F42 /* FifthViewController.swift */ = {isa = PBXFileReference; fileEncoding = 4; lastKnownFileType = sourcecode.swift; path = FifthViewController.swift; sourceTree = "<group>"; };
		A28570801BF9BA4300523F42 /* SixthViewController.swift */ = {isa = PBXFileReference; fileEncoding = 4; lastKnownFileType = sourcecode.swift; path = SixthViewController.swift; sourceTree = "<group>"; };
		A28570821BF9C33C00523F42 /* pizzatelefono3.jpeg */ = {isa = PBXFileReference; lastKnownFileType = image.jpeg; path = pizzatelefono3.jpeg; sourceTree = "<group>"; };
/* End PBXFileReference section */

/* Begin PBXFrameworksBuildPhase section */
		A285705A1BF9A40A00523F42 /* Frameworks */ = {
			isa = PBXFrameworksBuildPhase;
			buildActionMask = 2147483647;
			files = (
			);
			runOnlyForDeploymentPostprocessing = 0;
		};
/* End PBXFrameworksBuildPhase section */

/* Begin PBXGroup section */
		A28570541BF9A40900523F42 = {
			isa = PBXGroup;
			children = (
				A285705F1BF9A40A00523F42 /* Pizzart */,
				A285705E1BF9A40A00523F42 /* Products */,
			);
			sourceTree = "<group>";
		};
		A285705E1BF9A40A00523F42 /* Products */ = {
			isa = PBXGroup;
			children = (
				A285705D1BF9A40A00523F42 /* Pizzart.app */,
			);
			name = Products;
			sourceTree = "<group>";
		};
		A285705F1BF9A40A00523F42 /* Pizzart */ = {
			isa = PBXGroup;
			children = (
				A28570601BF9A40A00523F42 /* AppDelegate.swift */,
				A28570621BF9A40A00523F42 /* FirstViewController.swift */,
				A28570641BF9A40A00523F42 /* SecondViewController.swift */,
				A285707A1BF9B9F500523F42 /* ThirdViewController.swift */,
				A285707C1BF9BA0D00523F42 /* ForthViewController.swift */,
				A285707E1BF9BA1E00523F42 /* FifthViewController.swift */,
				A28570801BF9BA4300523F42 /* SixthViewController.swift */,
				A28570661BF9A40A00523F42 /* Main.storyboard */,
				A28570691BF9A40A00523F42 /* Assets.xcassets */,
				A285706B1BF9A40A00523F42 /* LaunchScreen.storyboard */,
				A285706E1BF9A40A00523F42 /* Info.plist */,
				A28570741BF9A89100523F42 /* pizza 2.jpg */,
				A28570751BF9A89100523F42 /* pizza.jpg */,
				A28570761BF9A89100523F42 /* Pizza 1.jpg */,
				A28570821BF9C33C00523F42 /* pizzatelefono3.jpeg */,
			);
			path = Pizzart;
			sourceTree = "<group>";
		};
/* End PBXGroup section */

/* Begin PBXNativeTarget section */
		A285705C1BF9A40A00523F42 /* Pizzart */ = {
			isa = PBXNativeTarget;
			buildConfigurationList = A28570711BF9A40A00523F42 /* Build configuration list for PBXNativeTarget "Pizzart" */;
			buildPhases = (
				A28570591BF9A40A00523F42 /* Sources */,
				A285705A1BF9A40A00523F42 /* Frameworks */,
				A285705B1BF9A40A00523F42 /* Resources */,
			);
			buildRules = (
			);
			dependencies = (
			);
			name = Pizzart;
			productName = Pizzart;
			productReference = A285705D1BF9A40A00523F42 /* Pizzart.app */;
			productType = "com.apple.product-type.application";
		};
/* End PBXNativeTarget section */

/* Begin PBXProject section */
		A28570551BF9A40900523F42 /* Project object */ = {
			isa = PBXProject;
			attributes = {
				LastSwiftUpdateCheck = 0710;
				LastUpgradeCheck = 0710;
				ORGANIZATIONNAME = "Mateo Villagomez";
				TargetAttributes = {
					A285705C1BF9A40A00523F42 = {
						CreatedOnToolsVersion = 7.1;
						DevelopmentTeam = 58U777E9MW;
					};
				};
			};
			buildConfigurationList = A28570581BF9A40900523F42 /* Build configuration list for PBXProject "Pizzart" */;
			compatibilityVersion = "Xcode 3.2";
			developmentRegion = English;
			hasScannedForEncodings = 0;
			knownRegions = (
				en,
				Base,
			);
			mainGroup = A28570541BF9A40900523F42;
			productRefGroup = A285705E1BF9A40A00523F42 /* Products */;
			projectDirPath = "";
			projectRoot = "";
			targets = (
				A285705C1BF9A40A00523F42 /* Pizzart */,
			);
		};
/* End PBXProject section */

/* Begin PBXResourcesBuildPhase section */
		A285705B1BF9A40A00523F42 /* Resources */ = {
			isa = PBXResourcesBuildPhase;
			buildActionMask = 2147483647;
			files = (
				A28570781BF9A89100523F42 /* pizza.jpg in Resources */,
				A285706D1BF9A40A00523F42 /* LaunchScreen.storyboard in Resources */,
				A28570831BF9C33C00523F42 /* pizzatelefono3.jpeg in Resources */,
				A285706A1BF9A40A00523F42 /* Assets.xcassets in Resources */,
				A28570771BF9A89100523F42 /* pizza 2.jpg in Resources */,
				A28570681BF9A40A00523F42 /* Main.storyboard in Resources */,
				A28570791BF9A89100523F42 /* Pizza 1.jpg in Resources */,
			);
			runOnlyForDeploymentPostprocessing = 0;
		};
/* End PBXResourcesBuildPhase section */

/* Begin PBXSourcesBuildPhase section */
		A28570591BF9A40A00523F42 /* Sources */ = {
			isa = PBXSourcesBuildPhase;
			buildActionMask = 2147483647;
			files = (
				A285707F1BF9BA1E00523F42 /* FifthViewController.swift in Sources */,
				A28570811BF9BA4300523F42 /* SixthViewController.swift in Sources */,
				A28570651BF9A40A00523F42 /* SecondViewController.swift in Sources */,
				A28570611BF9A40A00523F42 /* AppDelegate.swift in Sources */,
				A285707B1BF9B9F600523F42 /* ThirdViewController.swift in Sources */,
				A28570631BF9A40A00523F42 /* FirstViewController.swift in Sources */,
				A285707D1BF9BA0D00523F42 /* ForthViewController.swift in Sources */,
			);
			runOnlyForDeploymentPostprocessing = 0;
		};
/* End PBXSourcesBuildPhase section */

/* Begin PBXVariantGroup section */
		A28570661BF9A40A00523F42 /* Main.storyboard */ = {
			isa = PBXVariantGroup;
			children = (
				A28570671BF9A40A00523F42 /* Base */,
			);
			name = Main.storyboard;
			sourceTree = "<group>";
		};
		A285706B1BF9A40A00523F42 /* LaunchScreen.storyboard */ = {
			isa = PBXVariantGroup;
			children = (
				A285706C1BF9A40A00523F42 /* Base */,
			);
			name = LaunchScreen.storyboard;
			sourceTree = "<group>";
		};
/* End PBXVariantGroup section */

/* Begin XCBuildConfiguration section */
		A285706F1BF9A40A00523F42 /* Debug */ = {
			isa = XCBuildConfiguration;
			buildSettings = {
				ALWAYS_SEARCH_USER_PATHS = NO;
				CLANG_CXX_LANGUAGE_STANDARD = "gnu++0x";
				CLANG_CXX_LIBRARY = "libc++";
				CLANG_ENABLE_MODULES = YES;
				CLANG_ENABLE_OBJC_ARC = YES;
				CLANG_WARN_BOOL_CONVERSION = YES;
				CLANG_WARN_CONSTANT_CONVERSION = YES;
				CLANG_WARN_DIRECT_OBJC_ISA_USAGE = YES_ERROR;
				CLANG_WARN_EMPTY_BODY = YES;
				CLANG_WARN_ENUM_CONVERSION = YES;
				CLANG_WARN_INT_CONVERSION = YES;
				CLANG_WARN_OBJC_ROOT_CLASS = YES_ERROR;
				CLANG_WARN_UNREACHABLE_CODE = YES;
				CLANG_WARN__DUPLICATE_METHOD_MATCH = YES;
				"CODE_SIGN_IDENTITY[sdk=iphoneos*]" = "iPhone Developer";
				COPY_PHASE_STRIP = NO;
				DEBUG_INFORMATION_FORMAT = dwarf;
				ENABLE_STRICT_OBJC_MSGSEND = YES;
				ENABLE_TESTABILITY = YES;
				GCC_C_LANGUAGE_STANDARD = gnu99;
				GCC_DYNAMIC_NO_PIC = NO;
				GCC_NO_COMMON_BLOCKS = YES;
				GCC_OPTIMIZATION_LEVEL = 0;
				GCC_PREPROCESSOR_DEFINITIONS = (
					"DEBUG=1",
					"$(inherited)",
				);
				GCC_WARN_64_TO_32_BIT_CONVERSION = YES;
				GCC_WARN_ABOUT_RETURN_TYPE = YES_ERROR;
				GCC_WARN_UNDECLARED_SELECTOR = YES;
				GCC_WARN_UNINITIALIZED_AUTOS = YES_AGGRESSIVE;
				GCC_WARN_UNUSED_FUNCTION = YES;
				GCC_WARN_UNUSED_VARIABLE = YES;
				IPHONEOS_DEPLOYMENT_TARGET = 9.1;
				MTL_ENABLE_DEBUG_INFO = YES;
				ONLY_ACTIVE_ARCH = YES;
				SDKROOT = iphoneos;
				SWIFT_OPTIMIZATION_LEVEL = "-Onone";
				TARGETED_DEVICE_FAMILY = "1,2";
			};
			name = Debug;
		};
		A28570701BF9A40A00523F42 /* Release */ = {
			isa = XCBuildConfiguration;
			buildSettings = {
				ALWAYS_SEARCH_USER_PATHS = NO;
				CLANG_CXX_LANGUAGE_STANDARD = "gnu++0x";
				CLANG_CXX_LIBRARY = "libc++";
				CLANG_ENABLE_MODULES = YES;
				CLANG_ENABLE_OBJC_ARC = YES;
				CLANG_WARN_BOOL_CONVERSION = YES;
				CLANG_WARN_CONSTANT_CONVERSION = YES;
				CLANG_WARN_DIRECT_OBJC_ISA_USAGE = YES_ERROR;
				CLANG_WARN_EMPTY_BODY = YES;
				CLANG_WARN_ENUM_CONVERSION = YES;
				CLANG_WARN_INT_CONVERSION = YES;
				CLANG_WARN_OBJC_ROOT_CLASS = YES_ERROR;
				CLANG_WARN_UNREACHABLE_CODE = YES;
				CLANG_WARN__DUPLICATE_METHOD_MATCH = YES;
				"CODE_SIGN_IDENTITY[sdk=iphoneos*]" = "iPhone Developer";
				COPY_PHASE_STRIP = NO;
				DEBUG_INFORMATION_FORMAT = "dwarf-with-dsym";
				ENABLE_NS_ASSERTIONS = NO;
				ENABLE_STRICT_OBJC_MSGSEND = YES;
				GCC_C_LANGUAGE_STANDARD = gnu99;
				GCC_NO_COMMON_BLOCKS = YES;
				GCC_WARN_64_TO_32_BIT_CONVERSION = YES;
				GCC_WARN_ABOUT_RETURN_TYPE = YES_ERROR;
				GCC_WARN_UNDECLARED_SELECTOR = YES;
				GCC_WARN_UNINITIALIZED_AUTOS = YES_AGGRESSIVE;
				GCC_WARN_UNUSED_FUNCTION = YES;
				GCC_WARN_UNUSED_VARIABLE = YES;
				IPHONEOS_DEPLOYMENT_TARGET = 9.1;
				MTL_ENABLE_DEBUG_INFO = NO;
				SDKROOT = iphoneos;
				TARGETED_DEVICE_FAMILY = "1,2";
				VALIDATE_PRODUCT = YES;
			};
			name = Release;
		};
		A28570721BF9A40A00523F42 /* Debug */ = {
			isa = XCBuildConfiguration;
			buildSettings = {
				ASSETCATALOG_COMPILER_APPICON_NAME = AppIcon;
				INFOPLIST_FILE = Pizzart/Info.plist;
				LD_RUNPATH_SEARCH_PATHS = "$(inherited) @executable_path/Frameworks";
				PRODUCT_BUNDLE_IDENTIFIER = maniacpps.Pizzart;
				PRODUCT_NAME = "$(TARGET_NAME)";
			};
			name = Debug;
		};
		A28570731BF9A40A00523F42 /* Release */ = {
			isa = XCBuildConfiguration;
			buildSettings = {
				ASSETCATALOG_COMPILER_APPICON_NAME = AppIcon;
				INFOPLIST_FILE = Pizzart/Info.plist;
				LD_RUNPATH_SEARCH_PATHS = "$(inherited) @executable_path/Frameworks";
				PRODUCT_BUNDLE_IDENTIFIER = maniacpps.Pizzart;
				PRODUCT_NAME = "$(TARGET_NAME)";
			};
			name = Release;
		};
/* End XCBuildConfiguration section */

/* Begin XCConfigurationList section */
		A28570581BF9A40900523F42 /* Build configuration list for PBXProject "Pizzart" */ = {
			isa = XCConfigurationList;
			buildConfigurations = (
				A285706F1BF9A40A00523F42 /* Debug */,
				A28570701BF9A40A00523F42 /* Release */,
			);
			defaultConfigurationIsVisible = 0;
			defaultConfigurationName = Release;
		};
		A28570711BF9A40A00523F42 /* Build configuration list for PBXNativeTarget "Pizzart" */ = {
			isa = XCConfigurationList;
			buildConfigurations = (
				A28570721BF9A40A00523F42 /* Debug */,
				A28570731BF9A40A00523F42 /* Release */,
			);
			defaultConfigurationIsVisible = 0;
		};
/* End XCConfigurationList section */
	};
	rootObject = A28570551BF9A40900523F42 /* Project object */;
}
